
Microsoft Visual Studio Solution File, Format Version 12.00
# Visual Studio 15
VisualStudioVersion = 15.0.27130.2003
MinimumVisualStudioVersion = 10.0.40219.1
Project("{FAE04EC0-301F-11D3-BF4B-00C04F79EFBC}") = "WinHost", "WinHost\WinHost.csproj", "{9E7C6E21-2288-415E-B26C-BF6FCEAA4FDC}"
EndProject
Project("{FAE04EC0-301F-11D3-BF4B-00C04F79EFBC}") = "SimpleHttpServer", "SimpleHttpServer\SimpleHttpServer.csproj", "{92796D1B-22DF-4155-8C07-87E10A815866}"
EndProject
Project("{FAE04EC0-301F-11D3-BF4B-00C04F79EFBC}") = "NSpeex", "NSpeex\NSpeex.csproj", "{D2237D89-6FCB-4159-A815-7C2B89243505}"
EndProject
Project("{FAE04EC0-301F-11D3-BF4B-00C04F79EFBC}") = "Scripts.Audio", "Scripts.Audio\Scripts.Audio.csproj", "{4DDC32D5-8726-48D4-A9DF-62164E3DD31A}"
EndProject
Project("{FAE04EC0-301F-11D3-BF4B-00C04F79EFBC}") = "SimpleWebService", "SimpleWebService\SimpleWebService.csproj", "{EDEF90C0-1DBF-4C3D-AC4C-7FF81D5BB8AF}"
EndProject
Project("{FAE04EC0-301F-11D3-BF4B-00C04F79EFBC}") = "SimpleHttpServer.Scripts", "SimpleHttpServer.Scripts\SimpleHttpServer.Scripts.csproj", "{C2BADEAD-A5A7-4875-8C89-EF92E37BC0FC}"
EndProject
Project("{FAE04EC0-301F-11D3-BF4B-00C04F79EFBC}") = "Scripts.OAuth", "Scripts.OAuth\Scripts.OAuth.csproj", "{26C119CD-13FF-478B-AFC4-723D413633FB}"
EndProject
Project("{FAE04EC0-301F-11D3-BF4B-00C04F79EFBC}") = "Scripts.OAuth.Entity", "Scripts.OAuth.Entity\Scripts.OAuth.Entity.csproj", "{F616CCB6-F73A-4E4C-B25E-A9420DCD0694}"
EndProject
Project("{2150E333-8FDC-42A3-9474-1A3956D46DE8}") = "Audio", "Audio", "{8C78BD96-7E5B-40B0-9C0F-B1FF80EB1053}"
EndProject
Project("{2150E333-8FDC-42A3-9474-1A3956D46DE8}") = "OAuth", "OAuth", "{61A29F2F-1BA3-434C-94AD-777E97CD530A}"
EndProject
Project("{2150E333-8FDC-42A3-9474-1A3956D46DE8}") = "Scripts", "Scripts", "{B3E93D53-DBC6-4D89-90C4-C9C5EF27EF23}"
EndProject
Project("{2150E333-8FDC-42A3-9474-1A3956D46DE8}") = "Disconf", "Disconf", "{5FA00A8D-CD0D-4491-9BBB-FC4D3E18F012}"
EndProject
Project("{FAE04EC0-301F-11D3-BF4B-00C04F79EFBC}") = "Scripts.Disconf", "Scripts.Disconf\Scripts.Disconf.csproj", "{35BB9025-DE8B-49C5-93B8-588266E45A19}"
EndProject
Project("{FAE04EC0-301F-11D3-BF4B-00C04F79EFBC}") = "Scripts.Disconf.Entity", "Scripts.Disconf.Entity\Scripts.Disconf.Entity.csproj", "{6C4992BF-52F7-4C7D-B919-E68DDD9093C8}"
EndProject
Project("{FAE04EC0-301F-11D3-BF4B-00C04F79EFBC}") = "Disconf", "Disconf\Disconf.csproj", "{5A78E610-F1C3-4D3B-B858-DD42B8713C93}"
EndProject
Project("{2150E333-8FDC-42A3-9474-1A3956D46DE8}") = "Manager", "Manager", "{08F1DD15-818E-4D0F-BD6A-2DA3A969F7C5}"
EndProject
Project("{FAE04EC0-301F-11D3-BF4B-00C04F79EFBC}") = "Scripts.Manager", "Scripts.Manager\Scripts.Manager.csproj", "{0BED6AE5-1DBC-42D0-9216-B27A533C99A7}"
EndProject
Project("{FAE04EC0-301F-11D3-BF4B-00C04F79EFBC}") = "Scripts.Manager.Entity", "Scripts.Manager.Entity\Scripts.Manager.Entity.csproj", "{1D38A9E7-62F0-4C74-B414-D2BE5C144031}"
EndProject
Project("{FAE04EC0-301F-11D3-BF4B-00C04F79EFBC}") = "OAuth", "OAuth\OAuth.csproj", "{25EAA7B3-D2E8-45D8-B633-806FAC37C6E8}"
EndProject
Project("{2150E333-8FDC-42A3-9474-1A3956D46DE8}") = "Controls", "Controls", "{3F74ECB6-AF3A-40EB-AF77-FE0BFE8518B4}"
EndProject
Project("{FAE04EC0-301F-11D3-BF4B-00C04F79EFBC}") = "SaltUI", "SaltUI\SaltUI.csproj", "{2574F603-4B6C-4A30-BFDD-E3BC09EEDFDF}"
EndProject
Project("{FAE04EC0-301F-11D3-BF4B-00C04F79EFBC}") = "SkyUI", "SkyUI\SkyUI.csproj", "{0603EE60-9106-44B1-931D-CA15568B0112}"
EndProject
Project("{FAE04EC0-301F-11D3-BF4B-00C04F79EFBC}") = "Net-Core", "Net-Core\Net-Core.csproj", "{7F396CA8-38BA-4015-AD05-8F4EB9578481}"
EndProject
Global
	GlobalSection(SolutionConfigurationPlatforms) = preSolution
		Debug|Any CPU = Debug|Any CPU
		Release|Any CPU = Release|Any CPU
	EndGlobalSection
	GlobalSection(ProjectConfigurationPlatforms) = postSolution
		{9E7C6E21-2288-415E-B26C-BF6FCEAA4FDC}.Debug|Any CPU.ActiveCfg = Debug|Any CPU
		{9E7C6E21-2288-415E-B26C-BF6FCEAA4FDC}.Debug|Any CPU.Build.0 = Debug|Any CPU
		{9E7C6E21-2288-415E-B26C-BF6FCEAA4FDC}.Release|Any CPU.ActiveCfg = Release|Any CPU
		{9E7C6E21-2288-415E-B26C-BF6FCEAA4FDC}.Release|Any CPU.Build.0 = Release|Any CPU
		{92796D1B-22DF-4155-8C07-87E10A815866}.Debug|Any CPU.ActiveCfg = Debug|Any CPU
		{92796D1B-22DF-4155-8C07-87E10A815866}.Debug|Any CPU.Build.0 = Debug|Any CPU
		{92796D1B-22DF-4155-8C07-87E10A815866}.Release|Any CPU.ActiveCfg = Release|Any CPU
		{92796D1B-22DF-4155-8C07-87E10A815866}.Release|Any CPU.Build.0 = Release|Any CPU
		{D2237D89-6FCB-4159-A815-7C2B89243505}.Debug|Any CPU.ActiveCfg = Debug|Any CPU
		{D2237D89-6FCB-4159-A815-7C2B89243505}.Debug|Any CPU.Build.0 = Debug|Any CPU
		{D2237D89-6FCB-4159-A815-7C2B89243505}.Release|Any CPU.ActiveCfg = Release|Any CPU
		{D2237D89-6FCB-4159-A815-7C2B89243505}.Release|Any CPU.Build.0 = Release|Any CPU
		{4DDC32D5-8726-48D4-A9DF-62164E3DD31A}.Debug|Any CPU.ActiveCfg = Debug|Any CPU
		{4DDC32D5-8726-48D4-A9DF-62164E3DD31A}.Debug|Any CPU.Build.0 = Debug|Any CPU
		{4DDC32D5-8726-48D4-A9DF-62164E3DD31A}.Release|Any CPU.ActiveCfg = Release|Any CPU
		{4DDC32D5-8726-48D4-A9DF-62164E3DD31A}.Release|Any CPU.Build.0 = Release|Any CPU
		{EDEF90C0-1DBF-4C3D-AC4C-7FF81D5BB8AF}.Debug|Any CPU.ActiveCfg = Debug|Any CPU
		{EDEF90C0-1DBF-4C3D-AC4C-7FF81D5BB8AF}.Debug|Any CPU.Build.0 = Debug|Any CPU
		{EDEF90C0-1DBF-4C3D-AC4C-7FF81D5BB8AF}.Release|Any CPU.ActiveCfg = Release|Any CPU
		{EDEF90C0-1DBF-4C3D-AC4C-7FF81D5BB8AF}.Release|Any CPU.Build.0 = Release|Any CPU
		{C2BADEAD-A5A7-4875-8C89-EF92E37BC0FC}.Debug|Any CPU.ActiveCfg = Debug|Any CPU
		{C2BADEAD-A5A7-4875-8C89-EF92E37BC0FC}.Debug|Any CPU.Build.0 = Debug|Any CPU
		{C2BADEAD-A5A7-4875-8C89-EF92E37BC0FC}.Release|Any CPU.ActiveCfg = Release|Any CPU
		{C2BADEAD-A5A7-4875-8C89-EF92E37BC0FC}.Release|Any CPU.Build.0 = Release|Any CPU
		{26C119CD-13FF-478B-AFC4-723D413633FB}.Debug|Any CPU.ActiveCfg = Debug|Any CPU
		{26C119CD-13FF-478B-AFC4-723D413633FB}.Debug|Any CPU.Build.0 = Debug|Any CPU
		{26C119CD-13FF-478B-AFC4-723D413633FB}.Release|Any CPU.ActiveCfg = Release|Any CPU
		{26C119CD-13FF-478B-AFC4-723D413633FB}.Release|Any CPU.Build.0 = Release|Any CPU
		{F616CCB6-F73A-4E4C-B25E-A9420DCD0694}.Debug|Any CPU.ActiveCfg = Debug|Any CPU
		{F616CCB6-F73A-4E4C-B25E-A9420DCD0694}.Debug|Any CPU.Build.0 = Debug|Any CPU
		{F616CCB6-F73A-4E4C-B25E-A9420DCD0694}.Release|Any CPU.ActiveCfg = Release|Any CPU
		{F616CCB6-F73A-4E4C-B25E-A9420DCD0694}.Release|Any CPU.Build.0 = Release|Any CPU
		{35BB9025-DE8B-49C5-93B8-588266E45A19}.Debug|Any CPU.ActiveCfg = Debug|Any CPU
		{35BB9025-DE8B-49C5-93B8-588266E45A19}.Debug|Any CPU.Build.0 = Debug|Any CPU
		{35BB9025-DE8B-49C5-93B8-588266E45A19}.Release|Any CPU.ActiveCfg = Release|Any CPU
		{35BB9025-DE8B-49C5-93B8-588266E45A19}.Release|Any CPU.Build.0 = Release|Any CPU
		{6C4992BF-52F7-4C7D-B919-E68DDD9093C8}.Debug|Any CPU.ActiveCfg = Debug|Any CPU
		{6C4992BF-52F7-4C7D-B919-E68DDD9093C8}.Debug|Any CPU.Build.0 = Debug|Any CPU
		{6C4992BF-52F7-4C7D-B919-E68DDD9093C8}.Release|Any CPU.ActiveCfg = Release|Any CPU
		{6C4992BF-52F7-4C7D-B919-E68DDD9093C8}.Release|Any CPU.Build.0 = Release|Any CPU
		{5A78E610-F1C3-4D3B-B858-DD42B8713C93}.Debug|Any CPU.ActiveCfg = Debug|Any CPU
		{5A78E610-F1C3-4D3B-B858-DD42B8713C93}.Debug|Any CPU.Build.0 = Debug|Any CPU
		{5A78E610-F1C3-4D3B-B858-DD42B8713C93}.Release|Any CPU.ActiveCfg = Release|Any CPU
		{5A78E610-F1C3-4D3B-B858-DD42B8713C93}.Release|Any CPU.Build.0 = Release|Any CPU
		{0BED6AE5-1DBC-42D0-9216-B27A533C99A7}.Debug|Any CPU.ActiveCfg = Debug|Any CPU
		{0BED6AE5-1DBC-42D0-9216-B27A533C99A7}.Debug|Any CPU.Build.0 = Debug|Any CPU
		{0BED6AE5-1DBC-42D0-9216-B27A533C99A7}.Release|Any CPU.ActiveCfg = Release|Any CPU
		{0BED6AE5-1DBC-42D0-9216-B27A533C99A7}.Release|Any CPU.Build.0 = Release|Any CPU
		{1D38A9E7-62F0-4C74-B414-D2BE5C144031}.Debug|Any CPU.ActiveCfg = Debug|Any CPU
		{1D38A9E7-62F0-4C74-B414-D2BE5C144031}.Debug|Any CPU.Build.0 = Debug|Any CPU
		{1D38A9E7-62F0-4C74-B414-D2BE5C144031}.Release|Any CPU.ActiveCfg = Release|Any CPU
		{1D38A9E7-62F0-4C74-B414-D2BE5C144031}.Release|Any CPU.Build.0 = Release|Any CPU
		{25EAA7B3-D2E8-45D8-B633-806FAC37C6E8}.Debug|Any CPU.ActiveCfg = Debug|Any CPU
		{25EAA7B3-D2E8-45D8-B633-806FAC37C6E8}.Debug|Any CPU.Build.0 = Debug|Any CPU
		{25EAA7B3-D2E8-45D8-B633-806FAC37C6E8}.Release|Any CPU.ActiveCfg = Release|Any CPU
		{25EAA7B3-D2E8-45D8-B633-806FAC37C6E8}.Release|Any CPU.Build.0 = Release|Any CPU
		{2574F603-4B6C-4A30-BFDD-E3BC09EEDFDF}.Debug|Any CPU.ActiveCfg = Debug|Any CPU
		{2574F603-4B6C-4A30-BFDD-E3BC09EEDFDF}.Debug|Any CPU.Build.0 = Debug|Any CPU
		{2574F603-4B6C-4A30-BFDD-E3BC09EEDFDF}.Release|Any CPU.ActiveCfg = Release|Any CPU
		{2574F603-4B6C-4A30-BFDD-E3BC09EEDFDF}.Release|Any CPU.Build.0 = Release|Any CPU
		{0603EE60-9106-44B1-931D-CA15568B0112}.Debug|Any CPU.ActiveCfg = Debug|Any CPU
		{0603EE60-9106-44B1-931D-CA15568B0112}.Debug|Any CPU.Build.0 = Debug|Any CPU
		{0603EE60-9106-44B1-931D-CA15568B0112}.Release|Any CPU.ActiveCfg = Release|Any CPU
		{0603EE60-9106-44B1-931D-CA15568B0112}.Release|Any CPU.Build.0 = Release|Any CPU
		{7F396CA8-38BA-4015-AD05-8F4EB9578481}.Debug|Any CPU.ActiveCfg = Debug|Any CPU
		{7F396CA8-38BA-4015-AD05-8F4EB9578481}.Debug|Any CPU.Build.0 = Debug|Any CPU
		{7F396CA8-38BA-4015-AD05-8F4EB9578481}.Release|Any CPU.ActiveCfg = Release|Any CPU
		{7F396CA8-38BA-4015-AD05-8F4EB9578481}.Release|Any CPU.Build.0 = Release|Any CPU
	EndGlobalSection
	GlobalSection(SolutionProperties) = preSolution
		HideSolutionNode = FALSE
	EndGlobalSection
	GlobalSection(NestedProjects) = preSolution
		{D2237D89-6FCB-4159-A815-7C2B89243505} = {8C78BD96-7E5B-40B0-9C0F-B1FF80EB1053}
		{4DDC32D5-8726-48D4-A9DF-62164E3DD31A} = {8C78BD96-7E5B-40B0-9C0F-B1FF80EB1053}
		{26C119CD-13FF-478B-AFC4-723D413633FB} = {61A29F2F-1BA3-434C-94AD-777E97CD530A}
		{F616CCB6-F73A-4E4C-B25E-A9420DCD0694} = {61A29F2F-1BA3-434C-94AD-777E97CD530A}
		{8C78BD96-7E5B-40B0-9C0F-B1FF80EB1053} = {B3E93D53-DBC6-4D89-90C4-C9C5EF27EF23}
		{61A29F2F-1BA3-434C-94AD-777E97CD530A} = {B3E93D53-DBC6-4D89-90C4-C9C5EF27EF23}
		{5FA00A8D-CD0D-4491-9BBB-FC4D3E18F012} = {B3E93D53-DBC6-4D89-90C4-C9C5EF27EF23}
		{35BB9025-DE8B-49C5-93B8-588266E45A19} = {5FA00A8D-CD0D-4491-9BBB-FC4D3E18F012}
		{6C4992BF-52F7-4C7D-B919-E68DDD9093C8} = {5FA00A8D-CD0D-4491-9BBB-FC4D3E18F012}
		{5A78E610-F1C3-4D3B-B858-DD42B8713C93} = {5FA00A8D-CD0D-4491-9BBB-FC4D3E18F012}
		{08F1DD15-818E-4D0F-BD6A-2DA3A969F7C5} = {B3E93D53-DBC6-4D89-90C4-C9C5EF27EF23}
		{0BED6AE5-1DBC-42D0-9216-B27A533C99A7} = {08F1DD15-818E-4D0F-BD6A-2DA3A969F7C5}
		{1D38A9E7-62F0-4C74-B414-D2BE5C144031} = {08F1DD15-818E-4D0F-BD6A-2DA3A969F7C5}
		{25EAA7B3-D2E8-45D8-B633-806FAC37C6E8} = {61A29F2F-1BA3-434C-94AD-777E97CD530A}
		{2574F603-4B6C-4A30-BFDD-E3BC09EEDFDF} = {3F74ECB6-AF3A-40EB-AF77-FE0BFE8518B4}
		{0603EE60-9106-44B1-931D-CA15568B0112} = {3F74ECB6-AF3A-40EB-AF77-FE0BFE8518B4}
		{7F396CA8-38BA-4015-AD05-8F4EB9578481} = {3F74ECB6-AF3A-40EB-AF77-FE0BFE8518B4}
	EndGlobalSection
	GlobalSection(ExtensibilityGlobals) = postSolution
		SolutionGuid = {6AB8E69A-D1AA-4566-AEA8-0AD7804AF7F4}
	EndGlobalSection
EndGlobal
